
Microsoft Visual Studio Solution File, Format Version 12.00
# Visual Studio Version 16
VisualStudioVersion = 16.0.30413.136
MinimumVisualStudioVersion = 10.0.40219.1
Project("{888888A0-9F3D-457C-B088-3A5042F75D52}") = "이민지", "이민지.pyproj", "{0D369247-B3D3-434B-8EF0-EEC0DC4AD3D3}"
EndProject
Global
	GlobalSection(SolutionConfigurationPlatforms) = preSolution
		Debug|Any CPU = Debug|Any CPU
		Release|Any CPU = Release|Any CPU
	EndGlobalSection
	GlobalSection(ProjectConfigurationPlatforms) = postSolution
		{0D369247-B3D3-434B-8EF0-EEC0DC4AD3D3}.Debug|Any CPU.ActiveCfg = Debug|Any CPU
		{0D369247-B3D3-434B-8EF0-EEC0DC4AD3D3}.Release|Any CPU.ActiveCfg = Release|Any CPU
	EndGlobalSection
	GlobalSection(SolutionProperties) = preSolution
		HideSolutionNode = FALSE
	EndGlobalSection
	GlobalSection(ExtensibilityGlobals) = postSolution
		SolutionGuid = {EB0FFC8E-B57A-4675-BA84-57AE114EDADE}
	EndGlobalSection
EndGlobal
